
Microsoft Visual Studio Solution File, Format Version 12.00
# Visual Studio Version 16
VisualStudioVersion = 16.0.29519.87
MinimumVisualStudioVersion = 10.0.40219.1
Project("{FAE04EC0-301F-11D3-BF4B-00C04F79EFBC}") = "1 anketa", "lesson1\1 anketa.csproj", "{14CD1E4F-6FA4-420F-BA4B-4D1345207FFC}"
EndProject
Project("{FAE04EC0-301F-11D3-BF4B-00C04F79EFBC}") = "2 imt", "imt\2 imt.csproj", "{3677143C-3444-44DB-A05E-8AFDFC4F6DB7}"
EndProject
Project("{FAE04EC0-301F-11D3-BF4B-00C04F79EFBC}") = "4 ReverseVarValue", "ReverseVarValue\4 ReverseVarValue.csproj", "{55F24C99-1F68-4B39-9E29-08F6B37CB8F7}"
EndProject
Project("{FAE04EC0-301F-11D3-BF4B-00C04F79EFBC}") = "3 xyLenght", "xyLenght\3 xyLenght.csproj", "{7EA00C3D-B52C-4EDE-AACE-6CE420D0957B}"
EndProject
Project("{FAE04EC0-301F-11D3-BF4B-00C04F79EFBC}") = "5-6 ConsoleAboutMe", "ConsoleAboutMe\5-6 ConsoleAboutMe.csproj", "{D72D3053-3561-47E9-A1D7-C97D403A03D7}"
EndProject
Project("{2150E333-8FDC-42A3-9474-1A3956D46DE8}") = "01_HW", "01_HW", "{9AE20077-C550-436F-BE61-1C68855C8A8E}"
EndProject
Project("{2150E333-8FDC-42A3-9474-1A3956D46DE8}") = "02_HW", "02_HW", "{B7141CE7-26A6-4210-9BFF-310F294FD20A}"
EndProject
Project("{FAE04EC0-301F-11D3-BF4B-00C04F79EFBC}") = "1_minOf_3", "1_minOf_3\1_minOf_3.csproj", "{F62F06CE-EECC-4BAA-990E-F58F87409946}"
EndProject
Project("{FAE04EC0-301F-11D3-BF4B-00C04F79EFBC}") = "2_countNumbers", "countNumbers\2_countNumbers.csproj", "{43800B0F-B333-4511-9018-49CC3EE655CC}"
EndProject
Project("{FAE04EC0-301F-11D3-BF4B-00C04F79EFBC}") = "3_sumOfNums", "sumOfNums\3_sumOfNums.csproj", "{8895BF1A-15FF-4860-9C2D-8D48418A4F3C}"
EndProject
Project("{FAE04EC0-301F-11D3-BF4B-00C04F79EFBC}") = "4_loginPassword", "4_loginPassword\4_loginPassword.csproj", "{7BAED57B-D191-4F0D-AD2B-CD743248A38F}"
EndProject
Project("{FAE04EC0-301F-11D3-BF4B-00C04F79EFBC}") = "IMTAdvanced", "IMTAdvanced\IMTAdvanced.csproj", "{A63609ED-6D6A-4AD3-8D87-B82297D8C8F9}"
EndProject
Global
	GlobalSection(SolutionConfigurationPlatforms) = preSolution
		Debug|Any CPU = Debug|Any CPU
		Release|Any CPU = Release|Any CPU
	EndGlobalSection
	GlobalSection(ProjectConfigurationPlatforms) = postSolution
		{14CD1E4F-6FA4-420F-BA4B-4D1345207FFC}.Debug|Any CPU.ActiveCfg = Debug|Any CPU
		{14CD1E4F-6FA4-420F-BA4B-4D1345207FFC}.Debug|Any CPU.Build.0 = Debug|Any CPU
		{14CD1E4F-6FA4-420F-BA4B-4D1345207FFC}.Release|Any CPU.ActiveCfg = Release|Any CPU
		{14CD1E4F-6FA4-420F-BA4B-4D1345207FFC}.Release|Any CPU.Build.0 = Release|Any CPU
		{3677143C-3444-44DB-A05E-8AFDFC4F6DB7}.Debug|Any CPU.ActiveCfg = Debug|Any CPU
		{3677143C-3444-44DB-A05E-8AFDFC4F6DB7}.Debug|Any CPU.Build.0 = Debug|Any CPU
		{3677143C-3444-44DB-A05E-8AFDFC4F6DB7}.Release|Any CPU.ActiveCfg = Release|Any CPU
		{3677143C-3444-44DB-A05E-8AFDFC4F6DB7}.Release|Any CPU.Build.0 = Release|Any CPU
		{55F24C99-1F68-4B39-9E29-08F6B37CB8F7}.Debug|Any CPU.ActiveCfg = Debug|Any CPU
		{55F24C99-1F68-4B39-9E29-08F6B37CB8F7}.Debug|Any CPU.Build.0 = Debug|Any CPU
		{55F24C99-1F68-4B39-9E29-08F6B37CB8F7}.Release|Any CPU.ActiveCfg = Release|Any CPU
		{55F24C99-1F68-4B39-9E29-08F6B37CB8F7}.Release|Any CPU.Build.0 = Release|Any CPU
		{7EA00C3D-B52C-4EDE-AACE-6CE420D0957B}.Debug|Any CPU.ActiveCfg = Debug|Any CPU
		{7EA00C3D-B52C-4EDE-AACE-6CE420D0957B}.Debug|Any CPU.Build.0 = Debug|Any CPU
		{7EA00C3D-B52C-4EDE-AACE-6CE420D0957B}.Release|Any CPU.ActiveCfg = Release|Any CPU
		{7EA00C3D-B52C-4EDE-AACE-6CE420D0957B}.Release|Any CPU.Build.0 = Release|Any CPU
		{D72D3053-3561-47E9-A1D7-C97D403A03D7}.Debug|Any CPU.ActiveCfg = Debug|Any CPU
		{D72D3053-3561-47E9-A1D7-C97D403A03D7}.Debug|Any CPU.Build.0 = Debug|Any CPU
		{D72D3053-3561-47E9-A1D7-C97D403A03D7}.Release|Any CPU.ActiveCfg = Release|Any CPU
		{D72D3053-3561-47E9-A1D7-C97D403A03D7}.Release|Any CPU.Build.0 = Release|Any CPU
		{F62F06CE-EECC-4BAA-990E-F58F87409946}.Debug|Any CPU.ActiveCfg = Debug|Any CPU
		{F62F06CE-EECC-4BAA-990E-F58F87409946}.Debug|Any CPU.Build.0 = Debug|Any CPU
		{F62F06CE-EECC-4BAA-990E-F58F87409946}.Release|Any CPU.ActiveCfg = Release|Any CPU
		{F62F06CE-EECC-4BAA-990E-F58F87409946}.Release|Any CPU.Build.0 = Release|Any CPU
		{43800B0F-B333-4511-9018-49CC3EE655CC}.Debug|Any CPU.ActiveCfg = Debug|Any CPU
		{43800B0F-B333-4511-9018-49CC3EE655CC}.Debug|Any CPU.Build.0 = Debug|Any CPU
		{43800B0F-B333-4511-9018-49CC3EE655CC}.Release|Any CPU.ActiveCfg = Release|Any CPU
		{43800B0F-B333-4511-9018-49CC3EE655CC}.Release|Any CPU.Build.0 = Release|Any CPU
		{8895BF1A-15FF-4860-9C2D-8D48418A4F3C}.Debug|Any CPU.ActiveCfg = Debug|Any CPU
		{8895BF1A-15FF-4860-9C2D-8D48418A4F3C}.Debug|Any CPU.Build.0 = Debug|Any CPU
		{8895BF1A-15FF-4860-9C2D-8D48418A4F3C}.Release|Any CPU.ActiveCfg = Release|Any CPU
		{8895BF1A-15FF-4860-9C2D-8D48418A4F3C}.Release|Any CPU.Build.0 = Release|Any CPU
		{7BAED57B-D191-4F0D-AD2B-CD743248A38F}.Debug|Any CPU.ActiveCfg = Debug|Any CPU
		{7BAED57B-D191-4F0D-AD2B-CD743248A38F}.Debug|Any CPU.Build.0 = Debug|Any CPU
		{7BAED57B-D191-4F0D-AD2B-CD743248A38F}.Release|Any CPU.ActiveCfg = Release|Any CPU
		{7BAED57B-D191-4F0D-AD2B-CD743248A38F}.Release|Any CPU.Build.0 = Release|Any CPU
		{A63609ED-6D6A-4AD3-8D87-B82297D8C8F9}.Debug|Any CPU.ActiveCfg = Debug|Any CPU
		{A63609ED-6D6A-4AD3-8D87-B82297D8C8F9}.Debug|Any CPU.Build.0 = Debug|Any CPU
		{A63609ED-6D6A-4AD3-8D87-B82297D8C8F9}.Release|Any CPU.ActiveCfg = Release|Any CPU
		{A63609ED-6D6A-4AD3-8D87-B82297D8C8F9}.Release|Any CPU.Build.0 = Release|Any CPU
	EndGlobalSection
	GlobalSection(SolutionProperties) = preSolution
		HideSolutionNode = FALSE
	EndGlobalSection
	GlobalSection(NestedProjects) = preSolution
		{14CD1E4F-6FA4-420F-BA4B-4D1345207FFC} = {9AE20077-C550-436F-BE61-1C68855C8A8E}
		{3677143C-3444-44DB-A05E-8AFDFC4F6DB7} = {9AE20077-C550-436F-BE61-1C68855C8A8E}
		{55F24C99-1F68-4B39-9E29-08F6B37CB8F7} = {9AE20077-C550-436F-BE61-1C68855C8A8E}
		{7EA00C3D-B52C-4EDE-AACE-6CE420D0957B} = {9AE20077-C550-436F-BE61-1C68855C8A8E}
		{D72D3053-3561-47E9-A1D7-C97D403A03D7} = {9AE20077-C550-436F-BE61-1C68855C8A8E}
		{F62F06CE-EECC-4BAA-990E-F58F87409946} = {B7141CE7-26A6-4210-9BFF-310F294FD20A}
		{43800B0F-B333-4511-9018-49CC3EE655CC} = {B7141CE7-26A6-4210-9BFF-310F294FD20A}
		{8895BF1A-15FF-4860-9C2D-8D48418A4F3C} = {B7141CE7-26A6-4210-9BFF-310F294FD20A}
		{7BAED57B-D191-4F0D-AD2B-CD743248A38F} = {B7141CE7-26A6-4210-9BFF-310F294FD20A}
		{A63609ED-6D6A-4AD3-8D87-B82297D8C8F9} = {B7141CE7-26A6-4210-9BFF-310F294FD20A}
	EndGlobalSection
	GlobalSection(ExtensibilityGlobals) = postSolution
		SolutionGuid = {BC53954E-E7F4-451B-A3FD-8853DE78D7CF}
	EndGlobalSection
EndGlobal
