
Microsoft Visual Studio Solution File, Format Version 12.00
# Visual Studio Version 16
VisualStudioVersion = 16.0.29519.87
MinimumVisualStudioVersion = 10.0.40219.1
Project("{FAE04EC0-301F-11D3-BF4B-00C04F79EFBC}") = "1 anketa", "lesson1\1 anketa.csproj", "{14CD1E4F-6FA4-420F-BA4B-4D1345207FFC}"
EndProject
Project("{FAE04EC0-301F-11D3-BF4B-00C04F79EFBC}") = "2 imt", "imt\2 imt.csproj", "{3677143C-3444-44DB-A05E-8AFDFC4F6DB7}"
EndProject
Project("{FAE04EC0-301F-11D3-BF4B-00C04F79EFBC}") = "4 ReverseVarValue", "ReverseVarValue\4 ReverseVarValue.csproj", "{55F24C99-1F68-4B39-9E29-08F6B37CB8F7}"
EndProject
Project("{FAE04EC0-301F-11D3-BF4B-00C04F79EFBC}") = "3 xyLenght", "xyLenght\3 xyLenght.csproj", "{7EA00C3D-B52C-4EDE-AACE-6CE420D0957B}"
EndProject
Project("{FAE04EC0-301F-11D3-BF4B-00C04F79EFBC}") = "5-6 ConsoleAboutMe", "ConsoleAboutMe\5-6 ConsoleAboutMe.csproj", "{D72D3053-3561-47E9-A1D7-C97D403A03D7}"
EndProject
Project("{2150E333-8FDC-42A3-9474-1A3956D46DE8}") = "01_HW", "01_HW", "{9AE20077-C550-436F-BE61-1C68855C8A8E}"
EndProject
Project("{2150E333-8FDC-42A3-9474-1A3956D46DE8}") = "02_HW", "02_HW", "{B7141CE7-26A6-4210-9BFF-310F294FD20A}"
EndProject
Project("{FAE04EC0-301F-11D3-BF4B-00C04F79EFBC}") = "1_minOf_3", "1_minOf_3\1_minOf_3.csproj", "{F62F06CE-EECC-4BAA-990E-F58F87409946}"
EndProject
Project("{FAE04EC0-301F-11D3-BF4B-00C04F79EFBC}") = "2_countNumbers", "countNumbers\2_countNumbers.csproj", "{43800B0F-B333-4511-9018-49CC3EE655CC}"
EndProject
Project("{FAE04EC0-301F-11D3-BF4B-00C04F79EFBC}") = "3_sumOfNums", "sumOfNums\3_sumOfNums.csproj", "{8895BF1A-15FF-4860-9C2D-8D48418A4F3C}"
EndProject
Project("{FAE04EC0-301F-11D3-BF4B-00C04F79EFBC}") = "4_loginPassword", "4_loginPassword\4_loginPassword.csproj", "{7BAED57B-D191-4F0D-AD2B-CD743248A38F}"
EndProject
Project("{FAE04EC0-301F-11D3-BF4B-00C04F79EFBC}") = "5_IMTAdvanced", "IMTAdvanced\5_IMTAdvanced.csproj", "{A63609ED-6D6A-4AD3-8D87-B82297D8C8F9}"
EndProject
Project("{FAE04EC0-301F-11D3-BF4B-00C04F79EFBC}") = "6_goodNumbers", "goodNumbers\6_goodNumbers.csproj", "{D7F9BF64-512B-4897-B5A4-83E6C931099C}"
EndProject
Project("{FAE04EC0-301F-11D3-BF4B-00C04F79EFBC}") = "7_recursionAtoB", "recursionAtoB\7_recursionAtoB.csproj", "{8A93D75F-7E86-4F8B-994F-5750E07322DC}"
EndProject
Project("{2150E333-8FDC-42A3-9474-1A3956D46DE8}") = "03_HW", "03_HW", "{A0D7FB51-4A1F-4A0E-912A-C13DDD2B2D80}"
EndProject
Project("{FAE04EC0-301F-11D3-BF4B-00C04F79EFBC}") = "1_Complex", "Complex\1_Complex.csproj", "{6FE93161-053F-428B-882D-85EB484B2255}"
EndProject
Project("{FAE04EC0-301F-11D3-BF4B-00C04F79EFBC}") = "2_summaTryParce", "summaTryParce\2_summaTryParce.csproj", "{71BC1AA2-DD16-4481-AE2F-06E711AA1812}"
EndProject
Project("{2150E333-8FDC-42A3-9474-1A3956D46DE8}") = "04_HW", "04_HW", "{C8259099-4CC6-4CB8-A21C-E8051690D52D}"
EndProject
Project("{FAE04EC0-301F-11D3-BF4B-00C04F79EFBC}") = "1_arrayDiv3", "arrayDiv3\1_arrayDiv3.csproj", "{FEDCD283-1C30-4057-89CD-E0876EE3D4A7}"
EndProject
Project("{FAE04EC0-301F-11D3-BF4B-00C04F79EFBC}") = "2_arrayStaticClass", "arrayStaticClass\2_arrayStaticClass.csproj", "{4C0247BC-5613-4EC0-8E60-680078AEB46C}"
EndProject
Project("{2150E333-8FDC-42A3-9474-1A3956D46DE8}") = "05_HW", "05_HW", "{099677E5-7D71-4CCC-B906-7E25AB593404}"
EndProject
Project("{FAE04EC0-301F-11D3-BF4B-00C04F79EFBC}") = "1_CheckLogin", "CheckLogin\1_CheckLogin.csproj", "{4FFD0DCA-CE84-413A-AFE8-EC9632893DA5}"
EndProject
Project("{FAE04EC0-301F-11D3-BF4B-00C04F79EFBC}") = "classMessage", "classMessage\classMessage.csproj", "{A0BCB4E0-C95E-42BD-B59E-A8EDA5FE52C9}"
EndProject
Project("{2150E333-8FDC-42A3-9474-1A3956D46DE8}") = "06_HW", "06_HW", "{5D18139C-CCD1-40DB-890C-9B9164FD70BA}"
EndProject
Project("{FAE04EC0-301F-11D3-BF4B-00C04F79EFBC}") = "1_Delegate", "Delegate\1_Delegate.csproj", "{C41763F5-F7CC-4A7B-A6E5-2B05A9586262}"
EndProject
Project("{FAE04EC0-301F-11D3-BF4B-00C04F79EFBC}") = "2_findMinFunction", "findMinFunction\2_findMinFunction.csproj", "{97702F66-EACB-4632-BBA8-65BE43AD70EF}"
EndProject
Project("{FAE04EC0-301F-11D3-BF4B-00C04F79EFBC}") = "3_studentsCollection", "studentsCollection\3_studentsCollection.csproj", "{8E69A1B3-3F2F-416D-8427-84B1BE3A5F64}"
EndProject
Project("{2150E333-8FDC-42A3-9474-1A3956D46DE8}") = "07_HW", "07_HW", "{8162212D-EA3D-4C71-8192-A02D0440B6BA}"
EndProject
Project("{FAE04EC0-301F-11D3-BF4B-00C04F79EFBC}") = "1_WF_Udvoitel", "WF_Udvoitel\1_WF_Udvoitel.csproj", "{D073DAB4-9613-48A3-AC45-F31660463406}"
EndProject
Project("{FAE04EC0-301F-11D3-BF4B-00C04F79EFBC}") = "2_guessNumber", "guessNumber\2_guessNumber.csproj", "{97866890-195F-44D2-A822-FFE970A1E4B6}"
EndProject
Project("{2150E333-8FDC-42A3-9474-1A3956D46DE8}") = "08_HW", "08_HW", "{FF900AB2-4F7F-4FAE-AC05-6CAFB578EE80}"
EndProject
Project("{FAE04EC0-301F-11D3-BF4B-00C04F79EFBC}") = "1_reflectionDateTime", "tmp\1_reflectionDateTime.csproj", "{EA77FC2E-9D34-4FD2-BFB3-368C23776292}"
EndProject
Project("{FAE04EC0-301F-11D3-BF4B-00C04F79EFBC}") = "linkElements", "linkElements\linkElements.csproj", "{ECF9C170-B465-4B31-B70C-EE218DD522C0}"
EndProject
Global
	GlobalSection(SolutionConfigurationPlatforms) = preSolution
		Debug|Any CPU = Debug|Any CPU
		Release|Any CPU = Release|Any CPU
	EndGlobalSection
	GlobalSection(ProjectConfigurationPlatforms) = postSolution
		{14CD1E4F-6FA4-420F-BA4B-4D1345207FFC}.Debug|Any CPU.ActiveCfg = Debug|Any CPU
		{14CD1E4F-6FA4-420F-BA4B-4D1345207FFC}.Debug|Any CPU.Build.0 = Debug|Any CPU
		{14CD1E4F-6FA4-420F-BA4B-4D1345207FFC}.Release|Any CPU.ActiveCfg = Release|Any CPU
		{14CD1E4F-6FA4-420F-BA4B-4D1345207FFC}.Release|Any CPU.Build.0 = Release|Any CPU
		{3677143C-3444-44DB-A05E-8AFDFC4F6DB7}.Debug|Any CPU.ActiveCfg = Debug|Any CPU
		{3677143C-3444-44DB-A05E-8AFDFC4F6DB7}.Debug|Any CPU.Build.0 = Debug|Any CPU
		{3677143C-3444-44DB-A05E-8AFDFC4F6DB7}.Release|Any CPU.ActiveCfg = Release|Any CPU
		{3677143C-3444-44DB-A05E-8AFDFC4F6DB7}.Release|Any CPU.Build.0 = Release|Any CPU
		{55F24C99-1F68-4B39-9E29-08F6B37CB8F7}.Debug|Any CPU.ActiveCfg = Debug|Any CPU
		{55F24C99-1F68-4B39-9E29-08F6B37CB8F7}.Debug|Any CPU.Build.0 = Debug|Any CPU
		{55F24C99-1F68-4B39-9E29-08F6B37CB8F7}.Release|Any CPU.ActiveCfg = Release|Any CPU
		{55F24C99-1F68-4B39-9E29-08F6B37CB8F7}.Release|Any CPU.Build.0 = Release|Any CPU
		{7EA00C3D-B52C-4EDE-AACE-6CE420D0957B}.Debug|Any CPU.ActiveCfg = Debug|Any CPU
		{7EA00C3D-B52C-4EDE-AACE-6CE420D0957B}.Debug|Any CPU.Build.0 = Debug|Any CPU
		{7EA00C3D-B52C-4EDE-AACE-6CE420D0957B}.Release|Any CPU.ActiveCfg = Release|Any CPU
		{7EA00C3D-B52C-4EDE-AACE-6CE420D0957B}.Release|Any CPU.Build.0 = Release|Any CPU
		{D72D3053-3561-47E9-A1D7-C97D403A03D7}.Debug|Any CPU.ActiveCfg = Debug|Any CPU
		{D72D3053-3561-47E9-A1D7-C97D403A03D7}.Debug|Any CPU.Build.0 = Debug|Any CPU
		{D72D3053-3561-47E9-A1D7-C97D403A03D7}.Release|Any CPU.ActiveCfg = Release|Any CPU
		{D72D3053-3561-47E9-A1D7-C97D403A03D7}.Release|Any CPU.Build.0 = Release|Any CPU
		{F62F06CE-EECC-4BAA-990E-F58F87409946}.Debug|Any CPU.ActiveCfg = Debug|Any CPU
		{F62F06CE-EECC-4BAA-990E-F58F87409946}.Debug|Any CPU.Build.0 = Debug|Any CPU
		{F62F06CE-EECC-4BAA-990E-F58F87409946}.Release|Any CPU.ActiveCfg = Release|Any CPU
		{F62F06CE-EECC-4BAA-990E-F58F87409946}.Release|Any CPU.Build.0 = Release|Any CPU
		{43800B0F-B333-4511-9018-49CC3EE655CC}.Debug|Any CPU.ActiveCfg = Debug|Any CPU
		{43800B0F-B333-4511-9018-49CC3EE655CC}.Debug|Any CPU.Build.0 = Debug|Any CPU
		{43800B0F-B333-4511-9018-49CC3EE655CC}.Release|Any CPU.ActiveCfg = Release|Any CPU
		{43800B0F-B333-4511-9018-49CC3EE655CC}.Release|Any CPU.Build.0 = Release|Any CPU
		{8895BF1A-15FF-4860-9C2D-8D48418A4F3C}.Debug|Any CPU.ActiveCfg = Debug|Any CPU
		{8895BF1A-15FF-4860-9C2D-8D48418A4F3C}.Debug|Any CPU.Build.0 = Debug|Any CPU
		{8895BF1A-15FF-4860-9C2D-8D48418A4F3C}.Release|Any CPU.ActiveCfg = Release|Any CPU
		{8895BF1A-15FF-4860-9C2D-8D48418A4F3C}.Release|Any CPU.Build.0 = Release|Any CPU
		{7BAED57B-D191-4F0D-AD2B-CD743248A38F}.Debug|Any CPU.ActiveCfg = Debug|Any CPU
		{7BAED57B-D191-4F0D-AD2B-CD743248A38F}.Debug|Any CPU.Build.0 = Debug|Any CPU
		{7BAED57B-D191-4F0D-AD2B-CD743248A38F}.Release|Any CPU.ActiveCfg = Release|Any CPU
		{7BAED57B-D191-4F0D-AD2B-CD743248A38F}.Release|Any CPU.Build.0 = Release|Any CPU
		{A63609ED-6D6A-4AD3-8D87-B82297D8C8F9}.Debug|Any CPU.ActiveCfg = Debug|Any CPU
		{A63609ED-6D6A-4AD3-8D87-B82297D8C8F9}.Debug|Any CPU.Build.0 = Debug|Any CPU
		{A63609ED-6D6A-4AD3-8D87-B82297D8C8F9}.Release|Any CPU.ActiveCfg = Release|Any CPU
		{A63609ED-6D6A-4AD3-8D87-B82297D8C8F9}.Release|Any CPU.Build.0 = Release|Any CPU
		{D7F9BF64-512B-4897-B5A4-83E6C931099C}.Debug|Any CPU.ActiveCfg = Debug|Any CPU
		{D7F9BF64-512B-4897-B5A4-83E6C931099C}.Debug|Any CPU.Build.0 = Debug|Any CPU
		{D7F9BF64-512B-4897-B5A4-83E6C931099C}.Release|Any CPU.ActiveCfg = Release|Any CPU
		{D7F9BF64-512B-4897-B5A4-83E6C931099C}.Release|Any CPU.Build.0 = Release|Any CPU
		{8A93D75F-7E86-4F8B-994F-5750E07322DC}.Debug|Any CPU.ActiveCfg = Debug|Any CPU
		{8A93D75F-7E86-4F8B-994F-5750E07322DC}.Debug|Any CPU.Build.0 = Debug|Any CPU
		{8A93D75F-7E86-4F8B-994F-5750E07322DC}.Release|Any CPU.ActiveCfg = Release|Any CPU
		{8A93D75F-7E86-4F8B-994F-5750E07322DC}.Release|Any CPU.Build.0 = Release|Any CPU
		{6FE93161-053F-428B-882D-85EB484B2255}.Debug|Any CPU.ActiveCfg = Debug|Any CPU
		{6FE93161-053F-428B-882D-85EB484B2255}.Debug|Any CPU.Build.0 = Debug|Any CPU
		{6FE93161-053F-428B-882D-85EB484B2255}.Release|Any CPU.ActiveCfg = Release|Any CPU
		{6FE93161-053F-428B-882D-85EB484B2255}.Release|Any CPU.Build.0 = Release|Any CPU
		{71BC1AA2-DD16-4481-AE2F-06E711AA1812}.Debug|Any CPU.ActiveCfg = Debug|Any CPU
		{71BC1AA2-DD16-4481-AE2F-06E711AA1812}.Debug|Any CPU.Build.0 = Debug|Any CPU
		{71BC1AA2-DD16-4481-AE2F-06E711AA1812}.Release|Any CPU.ActiveCfg = Release|Any CPU
		{71BC1AA2-DD16-4481-AE2F-06E711AA1812}.Release|Any CPU.Build.0 = Release|Any CPU
		{FEDCD283-1C30-4057-89CD-E0876EE3D4A7}.Debug|Any CPU.ActiveCfg = Debug|Any CPU
		{FEDCD283-1C30-4057-89CD-E0876EE3D4A7}.Debug|Any CPU.Build.0 = Debug|Any CPU
		{FEDCD283-1C30-4057-89CD-E0876EE3D4A7}.Release|Any CPU.ActiveCfg = Release|Any CPU
		{FEDCD283-1C30-4057-89CD-E0876EE3D4A7}.Release|Any CPU.Build.0 = Release|Any CPU
		{4C0247BC-5613-4EC0-8E60-680078AEB46C}.Debug|Any CPU.ActiveCfg = Debug|Any CPU
		{4C0247BC-5613-4EC0-8E60-680078AEB46C}.Debug|Any CPU.Build.0 = Debug|Any CPU
		{4C0247BC-5613-4EC0-8E60-680078AEB46C}.Release|Any CPU.ActiveCfg = Release|Any CPU
		{4C0247BC-5613-4EC0-8E60-680078AEB46C}.Release|Any CPU.Build.0 = Release|Any CPU
		{4FFD0DCA-CE84-413A-AFE8-EC9632893DA5}.Debug|Any CPU.ActiveCfg = Debug|Any CPU
		{4FFD0DCA-CE84-413A-AFE8-EC9632893DA5}.Debug|Any CPU.Build.0 = Debug|Any CPU
		{4FFD0DCA-CE84-413A-AFE8-EC9632893DA5}.Release|Any CPU.ActiveCfg = Release|Any CPU
		{4FFD0DCA-CE84-413A-AFE8-EC9632893DA5}.Release|Any CPU.Build.0 = Release|Any CPU
		{A0BCB4E0-C95E-42BD-B59E-A8EDA5FE52C9}.Debug|Any CPU.ActiveCfg = Debug|Any CPU
		{A0BCB4E0-C95E-42BD-B59E-A8EDA5FE52C9}.Debug|Any CPU.Build.0 = Debug|Any CPU
		{A0BCB4E0-C95E-42BD-B59E-A8EDA5FE52C9}.Release|Any CPU.ActiveCfg = Release|Any CPU
		{A0BCB4E0-C95E-42BD-B59E-A8EDA5FE52C9}.Release|Any CPU.Build.0 = Release|Any CPU
		{C41763F5-F7CC-4A7B-A6E5-2B05A9586262}.Debug|Any CPU.ActiveCfg = Debug|Any CPU
		{C41763F5-F7CC-4A7B-A6E5-2B05A9586262}.Debug|Any CPU.Build.0 = Debug|Any CPU
		{C41763F5-F7CC-4A7B-A6E5-2B05A9586262}.Release|Any CPU.ActiveCfg = Release|Any CPU
		{C41763F5-F7CC-4A7B-A6E5-2B05A9586262}.Release|Any CPU.Build.0 = Release|Any CPU
		{97702F66-EACB-4632-BBA8-65BE43AD70EF}.Debug|Any CPU.ActiveCfg = Debug|Any CPU
		{97702F66-EACB-4632-BBA8-65BE43AD70EF}.Debug|Any CPU.Build.0 = Debug|Any CPU
		{97702F66-EACB-4632-BBA8-65BE43AD70EF}.Release|Any CPU.ActiveCfg = Release|Any CPU
		{97702F66-EACB-4632-BBA8-65BE43AD70EF}.Release|Any CPU.Build.0 = Release|Any CPU
		{8E69A1B3-3F2F-416D-8427-84B1BE3A5F64}.Debug|Any CPU.ActiveCfg = Debug|Any CPU
		{8E69A1B3-3F2F-416D-8427-84B1BE3A5F64}.Debug|Any CPU.Build.0 = Debug|Any CPU
		{8E69A1B3-3F2F-416D-8427-84B1BE3A5F64}.Release|Any CPU.ActiveCfg = Release|Any CPU
		{8E69A1B3-3F2F-416D-8427-84B1BE3A5F64}.Release|Any CPU.Build.0 = Release|Any CPU
		{D073DAB4-9613-48A3-AC45-F31660463406}.Debug|Any CPU.ActiveCfg = Debug|Any CPU
		{D073DAB4-9613-48A3-AC45-F31660463406}.Debug|Any CPU.Build.0 = Debug|Any CPU
		{D073DAB4-9613-48A3-AC45-F31660463406}.Release|Any CPU.ActiveCfg = Release|Any CPU
		{D073DAB4-9613-48A3-AC45-F31660463406}.Release|Any CPU.Build.0 = Release|Any CPU
		{97866890-195F-44D2-A822-FFE970A1E4B6}.Debug|Any CPU.ActiveCfg = Debug|Any CPU
		{97866890-195F-44D2-A822-FFE970A1E4B6}.Debug|Any CPU.Build.0 = Debug|Any CPU
		{97866890-195F-44D2-A822-FFE970A1E4B6}.Release|Any CPU.ActiveCfg = Release|Any CPU
		{97866890-195F-44D2-A822-FFE970A1E4B6}.Release|Any CPU.Build.0 = Release|Any CPU
		{EA77FC2E-9D34-4FD2-BFB3-368C23776292}.Debug|Any CPU.ActiveCfg = Debug|Any CPU
		{EA77FC2E-9D34-4FD2-BFB3-368C23776292}.Debug|Any CPU.Build.0 = Debug|Any CPU
		{EA77FC2E-9D34-4FD2-BFB3-368C23776292}.Release|Any CPU.ActiveCfg = Release|Any CPU
		{EA77FC2E-9D34-4FD2-BFB3-368C23776292}.Release|Any CPU.Build.0 = Release|Any CPU
		{ECF9C170-B465-4B31-B70C-EE218DD522C0}.Debug|Any CPU.ActiveCfg = Debug|Any CPU
		{ECF9C170-B465-4B31-B70C-EE218DD522C0}.Debug|Any CPU.Build.0 = Debug|Any CPU
		{ECF9C170-B465-4B31-B70C-EE218DD522C0}.Release|Any CPU.ActiveCfg = Release|Any CPU
		{ECF9C170-B465-4B31-B70C-EE218DD522C0}.Release|Any CPU.Build.0 = Release|Any CPU
	EndGlobalSection
	GlobalSection(SolutionProperties) = preSolution
		HideSolutionNode = FALSE
	EndGlobalSection
	GlobalSection(NestedProjects) = preSolution
		{14CD1E4F-6FA4-420F-BA4B-4D1345207FFC} = {9AE20077-C550-436F-BE61-1C68855C8A8E}
		{3677143C-3444-44DB-A05E-8AFDFC4F6DB7} = {9AE20077-C550-436F-BE61-1C68855C8A8E}
		{55F24C99-1F68-4B39-9E29-08F6B37CB8F7} = {9AE20077-C550-436F-BE61-1C68855C8A8E}
		{7EA00C3D-B52C-4EDE-AACE-6CE420D0957B} = {9AE20077-C550-436F-BE61-1C68855C8A8E}
		{D72D3053-3561-47E9-A1D7-C97D403A03D7} = {9AE20077-C550-436F-BE61-1C68855C8A8E}
		{F62F06CE-EECC-4BAA-990E-F58F87409946} = {B7141CE7-26A6-4210-9BFF-310F294FD20A}
		{43800B0F-B333-4511-9018-49CC3EE655CC} = {B7141CE7-26A6-4210-9BFF-310F294FD20A}
		{8895BF1A-15FF-4860-9C2D-8D48418A4F3C} = {B7141CE7-26A6-4210-9BFF-310F294FD20A}
		{7BAED57B-D191-4F0D-AD2B-CD743248A38F} = {B7141CE7-26A6-4210-9BFF-310F294FD20A}
		{A63609ED-6D6A-4AD3-8D87-B82297D8C8F9} = {B7141CE7-26A6-4210-9BFF-310F294FD20A}
		{D7F9BF64-512B-4897-B5A4-83E6C931099C} = {B7141CE7-26A6-4210-9BFF-310F294FD20A}
		{8A93D75F-7E86-4F8B-994F-5750E07322DC} = {B7141CE7-26A6-4210-9BFF-310F294FD20A}
		{6FE93161-053F-428B-882D-85EB484B2255} = {A0D7FB51-4A1F-4A0E-912A-C13DDD2B2D80}
		{71BC1AA2-DD16-4481-AE2F-06E711AA1812} = {A0D7FB51-4A1F-4A0E-912A-C13DDD2B2D80}
		{FEDCD283-1C30-4057-89CD-E0876EE3D4A7} = {C8259099-4CC6-4CB8-A21C-E8051690D52D}
		{4C0247BC-5613-4EC0-8E60-680078AEB46C} = {C8259099-4CC6-4CB8-A21C-E8051690D52D}
		{4FFD0DCA-CE84-413A-AFE8-EC9632893DA5} = {099677E5-7D71-4CCC-B906-7E25AB593404}
		{A0BCB4E0-C95E-42BD-B59E-A8EDA5FE52C9} = {099677E5-7D71-4CCC-B906-7E25AB593404}
		{C41763F5-F7CC-4A7B-A6E5-2B05A9586262} = {5D18139C-CCD1-40DB-890C-9B9164FD70BA}
		{97702F66-EACB-4632-BBA8-65BE43AD70EF} = {5D18139C-CCD1-40DB-890C-9B9164FD70BA}
		{8E69A1B3-3F2F-416D-8427-84B1BE3A5F64} = {5D18139C-CCD1-40DB-890C-9B9164FD70BA}
		{D073DAB4-9613-48A3-AC45-F31660463406} = {8162212D-EA3D-4C71-8192-A02D0440B6BA}
		{97866890-195F-44D2-A822-FFE970A1E4B6} = {8162212D-EA3D-4C71-8192-A02D0440B6BA}
		{EA77FC2E-9D34-4FD2-BFB3-368C23776292} = {FF900AB2-4F7F-4FAE-AC05-6CAFB578EE80}
		{ECF9C170-B465-4B31-B70C-EE218DD522C0} = {FF900AB2-4F7F-4FAE-AC05-6CAFB578EE80}
	EndGlobalSection
	GlobalSection(ExtensibilityGlobals) = postSolution
		SolutionGuid = {BC53954E-E7F4-451B-A3FD-8853DE78D7CF}
	EndGlobalSection
EndGlobal
